{
  "name": "hitcounter",
  "version": "1.0.0",
  "lockfileVersion": 3,
  "requires": true,
  "packages": {
    "": {
      "name": "hitcounter",
      "version": "1.0.0",
      "license": "ISC",
      "dependencies": {
        "@hono/node-server": "^1.19.4",
        "hono": "^4.9.8"
      }
    },
    "node_modules/@hono/node-server": {
      "version": "1.19.4",
      "resolved": "https://registry.npmjs.org/@hono/node-server/-/node-server-1.19.4.tgz",
      "integrity": "sha512-AWKQZ/YkHUBSHeL/5Ld8FWgUs6wFf4TxGYxqp9wLZxRdFuHBpXmgOq+CuDoL4vllkZLzovCf5HBJnypiy3EtHA==",
      "license": "MIT",
      "engines": {
        "node": ">=18.14.1"
      },
      "peerDependencies": {
        "hono": "^4"
      }
    },
    "node_modules/hono": {
      "version": "4.9.8",
      "resolved": "https://registry.npmjs.org/hono/-/hono-4.9.8.tgz",
      "integrity": "sha512-JW8Bb4RFWD9iOKxg5PbUarBYGM99IcxFl2FPBo2gSJO11jjUDqlP1Bmfyqt8Z/dGhIQ63PMA9LdcLefXyIasyg==",
      "license": "MIT",
      "engines": {
        "node": ">=16.9.0"
      }
    }
  }
}
